// !$*UTF8*$!
{
	archiveVersion = 1;
	classes = {
	};
	objectVersion = 42;
	objects = {

/* Begin PBXBuildFile section */
		8933CE7D0B580DE60004FCE3 /* moulin.icns in Resources */ = {isa = PBXBuildFile; fileRef = 8933CE7C0B580DE60004FCE3 /* moulin.icns */; };
		896C96CA0B57B35A00616D26 /* WebKit.framework in Frameworks */ = {isa = PBXBuildFile; fileRef = 896C96C90B57B35A00616D26 /* WebKit.framework */; };
		896C96CF0B57B4D700616D26 /* AppController.m in Sources */ = {isa = PBXBuildFile; fileRef = 896C96CE0B57B4D700616D26 /* AppController.m */; };
		896C975C0B57D5B100616D26 /* back.tif in Resources */ = {isa = PBXBuildFile; fileRef = 896C97550B57D5B000616D26 /* back.tif */; };
		896C975D0B57D5B100616D26 /* bm_separator.tiff in Resources */ = {isa = PBXBuildFile; fileRef = 896C97560B57D5B000616D26 /* bm_separator.tiff */; };
		896C975E0B57D5B100616D26 /* forward.tif in Resources */ = {isa = PBXBuildFile; fileRef = 896C97570B57D5B000616D26 /* forward.tif */; };
		896C975F0B57D5B100616D26 /* home.tif in Resources */ = {isa = PBXBuildFile; fileRef = 896C97580B57D5B100616D26 /* home.tif */; };
		896C97600B57D5B100616D26 /* print.tif in Resources */ = {isa = PBXBuildFile; fileRef = 896C97590B57D5B100616D26 /* print.tif */; };
		896C97610B57D5B100616D26 /* textBigger.tif in Resources */ = {isa = PBXBuildFile; fileRef = 896C975A0B57D5B100616D26 /* textBigger.tif */; };
		896C97620B57D5B100616D26 /* textSmaller.tif in Resources */ = {isa = PBXBuildFile; fileRef = 896C975B0B57D5B100616D26 /* textSmaller.tif */; };
		89A8331E0B5A8C8F001F5F67 /* MyDocument.m in Sources */ = {isa = PBXBuildFile; fileRef = 2A37F4ACFDCFA73011CA2CEA /* MyDocument.m */; };
		89A8332F0B5A8DA3001F5F67 /* MainMenu.nib in Resources */ = {isa = PBXBuildFile; fileRef = 2A37F4B7FDCFA73011CA2CEA /* MainMenu.nib */; };
		89A833320B5A8DAC001F5F67 /* MyDocument.nib in Resources */ = {isa = PBXBuildFile; fileRef = 2A37F4B5FDCFA73011CA2CEA /* MyDocument.nib */; };
		89F386C40B5806FB00615152 /* moulin_httpd in Resources */ = {isa = PBXBuildFile; fileRef = 89F386C30B5806FB00615152 /* moulin_httpd */; };
		8D15AC2F0486D014006FF6A4 /* InfoPlist.strings in Resources */ = {isa = PBXBuildFile; fileRef = 089C165FFE840EACC02AAC07 /* InfoPlist.strings */; };
		8D15AC320486D014006FF6A4 /* main.m in Sources */ = {isa = PBXBuildFile; fileRef = 2A37F4B0FDCFA73011CA2CEA /* main.m */; settings = {ATTRIBUTES = (); }; };
		8D15AC340486D014006FF6A4 /* Cocoa.framework in Frameworks */ = {isa = PBXBuildFile; fileRef = 1058C7A7FEA54F5311CA2CBB /* Cocoa.framework */; };
/* End PBXBuildFile section */

/* Begin PBXCopyFilesBuildPhase section */
		89F386A00B57FF0F00615152 /* CopyFiles */ = {
			isa = PBXCopyFilesBuildPhase;
			buildActionMask = 2147483647;
			dstPath = "";
			dstSubfolderSpec = 6;
			files = (
			);
			runOnlyForDeploymentPostprocessing = 0;
		};
		89F386A40B57FF5C00615152 /* CopyFiles */ = {
			isa = PBXCopyFilesBuildPhase;
			buildActionMask = 2147483647;
			dstPath = moulin_httpd;
			dstSubfolderSpec = 6;
			files = (
			);
			runOnlyForDeploymentPostprocessing = 0;
		};
/* End PBXCopyFilesBuildPhase section */

/* Begin PBXFileReference section */
		089C1660FE840EACC02AAC07 /* English */ = {isa = PBXFileReference; fileEncoding = 10; lastKnownFileType = text.plist.strings; name = English; path = English.lproj/InfoPlist.strings; sourceTree = "<group>"; };
		1058C7A7FEA54F5311CA2CBB /* Cocoa.framework */ = {isa = PBXFileReference; lastKnownFileType = wrapper.framework; name = Cocoa.framework; path = /System/Library/Frameworks/Cocoa.framework; sourceTree = "<absolute>"; };
		13E42FBA07B3F13500E4EEF1 /* CoreData.framework */ = {isa = PBXFileReference; lastKnownFileType = wrapper.framework; name = CoreData.framework; path = /System/Library/Frameworks/CoreData.framework; sourceTree = "<absolute>"; };
		2A37F4ACFDCFA73011CA2CEA /* MyDocument.m */ = {isa = PBXFileReference; fileEncoding = 4; lastKnownFileType = sourcecode.c.objc; path = MyDocument.m; sourceTree = "<group>"; };
		2A37F4AEFDCFA73011CA2CEA /* MyDocument.h */ = {isa = PBXFileReference; fileEncoding = 4; lastKnownFileType = sourcecode.c.h; path = MyDocument.h; sourceTree = "<group>"; };
		2A37F4B0FDCFA73011CA2CEA /* main.m */ = {isa = PBXFileReference; fileEncoding = 4; lastKnownFileType = sourcecode.c.objc; path = main.m; sourceTree = "<group>"; };
		2A37F4B5FDCFA73011CA2CEA /* MyDocument.nib */ = {isa = PBXFileReference; lastKnownFileType = wrapper.nib; path = MyDocument.nib; sourceTree = "<group>"; };
		2A37F4B7FDCFA73011CA2CEA /* MainMenu.nib */ = {isa = PBXFileReference; lastKnownFileType = wrapper.nib; path = MainMenu.nib; sourceTree = "<group>"; };
		2A37F4C4FDCFA73011CA2CEA /* AppKit.framework */ = {isa = PBXFileReference; lastKnownFileType = wrapper.framework; name = AppKit.framework; path = /System/Library/Frameworks/AppKit.framework; sourceTree = "<absolute>"; };
		2A37F4C5FDCFA73011CA2CEA /* Foundation.framework */ = {isa = PBXFileReference; lastKnownFileType = wrapper.framework; name = Foundation.framework; path = /System/Library/Frameworks/Foundation.framework; sourceTree = "<absolute>"; };
		32DBCF750370BD2300C91783 /* moulin_Prefix.pch */ = {isa = PBXFileReference; fileEncoding = 4; lastKnownFileType = sourcecode.c.h; path = moulin_Prefix.pch; sourceTree = "<group>"; };
		8933CE7C0B580DE60004FCE3 /* moulin.icns */ = {isa = PBXFileReference; lastKnownFileType = image.icns; path = moulin.icns; sourceTree = "<group>"; };
		896C96C90B57B35A00616D26 /* WebKit.framework */ = {isa = PBXFileReference; lastKnownFileType = wrapper.framework; name = WebKit.framework; path = /System/Library/Frameworks/WebKit.framework; sourceTree = "<absolute>"; };
		896C96CD0B57B4D700616D26 /* AppController.h */ = {isa = PBXFileReference; fileEncoding = 30; lastKnownFileType = sourcecode.c.h; path = AppController.h; sourceTree = "<group>"; };
		896C96CE0B57B4D700616D26 /* AppController.m */ = {isa = PBXFileReference; fileEncoding = 30; lastKnownFileType = sourcecode.c.objc; path = AppController.m; sourceTree = "<group>"; };
		896C97550B57D5B000616D26 /* back.tif */ = {isa = PBXFileReference; lastKnownFileType = image.tiff; path = back.tif; sourceTree = "<group>"; };
		896C97560B57D5B000616D26 /* bm_separator.tiff */ = {isa = PBXFileReference; lastKnownFileType = image.tiff; path = bm_separator.tiff; sourceTree = "<group>"; };
		896C97570B57D5B000616D26 /* forward.tif */ = {isa = PBXFileReference; lastKnownFileType = image.tiff; path = forward.tif; sourceTree = "<group>"; };
		896C97580B57D5B100616D26 /* home.tif */ = {isa = PBXFileReference; lastKnownFileType = image.tiff; path = home.tif; sourceTree = "<group>"; };
		896C97590B57D5B100616D26 /* print.tif */ = {isa = PBXFileReference; lastKnownFileType = image.tiff; path = print.tif; sourceTree = "<group>"; };
		896C975A0B57D5B100616D26 /* textBigger.tif */ = {isa = PBXFileReference; lastKnownFileType = image.tiff; path = textBigger.tif; sourceTree = "<group>"; };
		896C975B0B57D5B100616D26 /* textSmaller.tif */ = {isa = PBXFileReference; lastKnownFileType = image.tiff; path = textSmaller.tif; sourceTree = "<group>"; };
		89F386C30B5806FB00615152 /* moulin_httpd */ = {isa = PBXFileReference; lastKnownFileType = "compiled.mach-o.executable"; path = moulin_httpd; sourceTree = "<group>"; };
		8D15AC360486D014006FF6A4 /* Info.plist */ = {isa = PBXFileReference; fileEncoding = 4; lastKnownFileType = text.plist; path = Info.plist; sourceTree = "<group>"; };
		8D15AC370486D014006FF6A4 /* moulin.app */ = {isa = PBXFileReference; explicitFileType = wrapper.application; includeInIndex = 0; path = moulin.app; sourceTree = BUILT_PRODUCTS_DIR; };
/* End PBXFileReference section */

/* Begin PBXFrameworksBuildPhase section */
		8D15AC330486D014006FF6A4 /* Frameworks */ = {
			isa = PBXFrameworksBuildPhase;
			buildActionMask = 2147483647;
			files = (
				8D15AC340486D014006FF6A4 /* Cocoa.framework in Frameworks */,
				896C96CA0B57B35A00616D26 /* WebKit.framework in Frameworks */,
			);
			runOnlyForDeploymentPostprocessing = 0;
		};
/* End PBXFrameworksBuildPhase section */

/* Begin PBXGroup section */
		1058C7A6FEA54F5311CA2CBB /* Linked Frameworks */ = {
			isa = PBXGroup;
			children = (
				1058C7A7FEA54F5311CA2CBB /* Cocoa.framework */,
			);
			name = "Linked Frameworks";
			sourceTree = "<group>";
		};
		1058C7A8FEA54F5311CA2CBB /* Other Frameworks */ = {
			isa = PBXGroup;
			children = (
				2A37F4C4FDCFA73011CA2CEA /* AppKit.framework */,
				13E42FBA07B3F13500E4EEF1 /* CoreData.framework */,
				2A37F4C5FDCFA73011CA2CEA /* Foundation.framework */,
			);
			name = "Other Frameworks";
			sourceTree = "<group>";
		};
		19C28FB0FE9D524F11CA2CBB /* Products */ = {
			isa = PBXGroup;
			children = (
				8D15AC370486D014006FF6A4 /* moulin.app */,
			);
			name = Products;
			sourceTree = "<group>";
		};
		2A37F4AAFDCFA73011CA2CEA /* moulin */ = {
			isa = PBXGroup;
			children = (
				2A37F4ABFDCFA73011CA2CEA /* Classes */,
				2A37F4AFFDCFA73011CA2CEA /* Other Sources */,
				2A37F4B8FDCFA73011CA2CEA /* Resources */,
				2A37F4C3FDCFA73011CA2CEA /* Frameworks */,
				19C28FB0FE9D524F11CA2CBB /* Products */,
			);
			name = moulin;
			sourceTree = "<group>";
		};
		2A37F4ABFDCFA73011CA2CEA /* Classes */ = {
			isa = PBXGroup;
			children = (
				2A37F4AEFDCFA73011CA2CEA /* MyDocument.h */,
				2A37F4ACFDCFA73011CA2CEA /* MyDocument.m */,
				896C96CD0B57B4D700616D26 /* AppController.h */,
				896C96CE0B57B4D700616D26 /* AppController.m */,
			);
			name = Classes;
			sourceTree = "<group>";
		};
		2A37F4AFFDCFA73011CA2CEA /* Other Sources */ = {
			isa = PBXGroup;
			children = (
				32DBCF750370BD2300C91783 /* moulin_Prefix.pch */,
				2A37F4B0FDCFA73011CA2CEA /* main.m */,
			);
			name = "Other Sources";
			sourceTree = "<group>";
		};
		2A37F4B8FDCFA73011CA2CEA /* Resources */ = {
			isa = PBXGroup;
			children = (
				8933CE7C0B580DE60004FCE3 /* moulin.icns */,
				89F386C30B5806FB00615152 /* moulin_httpd */,
				896C97550B57D5B000616D26 /* back.tif */,
				896C97560B57D5B000616D26 /* bm_separator.tiff */,
				896C97570B57D5B000616D26 /* forward.tif */,
				896C97580B57D5B100616D26 /* home.tif */,
				896C97590B57D5B100616D26 /* print.tif */,
				896C975A0B57D5B100616D26 /* textBigger.tif */,
				896C975B0B57D5B100616D26 /* textSmaller.tif */,
				2A37F4B7FDCFA73011CA2CEA /* MainMenu.nib */,
				2A37F4B5FDCFA73011CA2CEA /* MyDocument.nib */,
				8D15AC360486D014006FF6A4 /* Info.plist */,
				089C165FFE840EACC02AAC07 /* InfoPlist.strings */,
			);
			name = Resources;
			sourceTree = "<group>";
		};
		2A37F4C3FDCFA73011CA2CEA /* Frameworks */ = {
			isa = PBXGroup;
			children = (
				896C96C90B57B35A00616D26 /* WebKit.framework */,
				1058C7A6FEA54F5311CA2CBB /* Linked Frameworks */,
				1058C7A8FEA54F5311CA2CBB /* Other Frameworks */,
			);
			name = Frameworks;
			sourceTree = "<group>";
		};
/* End PBXGroup section */

/* Begin PBXNativeTarget section */
		8D15AC270486D014006FF6A4 /* moulin */ = {
			isa = PBXNativeTarget;
			buildConfigurationList = C05733C708A9546B00998B17 /* Build configuration list for PBXNativeTarget "moulin" */;
			buildPhases = (
				8D15AC2B0486D014006FF6A4 /* Resources */,
				8D15AC300486D014006FF6A4 /* Sources */,
				8D15AC330486D014006FF6A4 /* Frameworks */,
				89F386A00B57FF0F00615152 /* CopyFiles */,
				89F386A40B57FF5C00615152 /* CopyFiles */,
			);
			buildRules = (
			);
			dependencies = (
			);
			name = moulin;
			productInstallPath = "$(HOME)/Applications";
			productName = moulin;
			productReference = 8D15AC370486D014006FF6A4 /* moulin.app */;
			productType = "com.apple.product-type.application";
		};
/* End PBXNativeTarget section */

/* Begin PBXProject section */
		2A37F4A9FDCFA73011CA2CEA /* Project object */ = {
			isa = PBXProject;
			buildConfigurationList = C05733CB08A9546B00998B17 /* Build configuration list for PBXProject "moulin" */;
			hasScannedForEncodings = 1;
			mainGroup = 2A37F4AAFDCFA73011CA2CEA /* moulin */;
			projectDirPath = "";
			targets = (
				8D15AC270486D014006FF6A4 /* moulin */,
			);
		};
/* End PBXProject section */

/* Begin PBXResourcesBuildPhase section */
		8D15AC2B0486D014006FF6A4 /* Resources */ = {
			isa = PBXResourcesBuildPhase;
			buildActionMask = 2147483647;
			files = (
				89A8332F0B5A8DA3001F5F67 /* MainMenu.nib in Resources */,
				89A833320B5A8DAC001F5F67 /* MyDocument.nib in Resources */,
				8D15AC2F0486D014006FF6A4 /* InfoPlist.strings in Resources */,
				896C975C0B57D5B100616D26 /* back.tif in Resources */,
				896C975D0B57D5B100616D26 /* bm_separator.tiff in Resources */,
				896C975E0B57D5B100616D26 /* forward.tif in Resources */,
				896C975F0B57D5B100616D26 /* home.tif in Resources */,
				896C97600B57D5B100616D26 /* print.tif in Resources */,
				896C97610B57D5B100616D26 /* textBigger.tif in Resources */,
				896C97620B57D5B100616D26 /* textSmaller.tif in Resources */,
				89F386C40B5806FB00615152 /* moulin_httpd in Resources */,
				8933CE7D0B580DE60004FCE3 /* moulin.icns in Resources */,
			);
			runOnlyForDeploymentPostprocessing = 0;
		};
/* End PBXResourcesBuildPhase section */

/* Begin PBXSourcesBuildPhase section */
		8D15AC300486D014006FF6A4 /* Sources */ = {
			isa = PBXSourcesBuildPhase;
			buildActionMask = 2147483647;
			files = (
				89A8331E0B5A8C8F001F5F67 /* MyDocument.m in Sources */,
				8D15AC320486D014006FF6A4 /* main.m in Sources */,
				896C96CF0B57B4D700616D26 /* AppController.m in Sources */,
			);
			runOnlyForDeploymentPostprocessing = 0;
		};
/* End PBXSourcesBuildPhase section */

/* Begin PBXVariantGroup section */
		089C165FFE840EACC02AAC07 /* InfoPlist.strings */ = {
			isa = PBXVariantGroup;
			children = (
				089C1660FE840EACC02AAC07 /* English */,
			);
			name = InfoPlist.strings;
			sourceTree = "<group>";
		};
/* End PBXVariantGroup section */

/* Begin XCBuildConfiguration section */
		C05733C808A9546B00998B17 /* Debug */ = {
			isa = XCBuildConfiguration;
			buildSettings = {
				COPY_PHASE_STRIP = NO;
				GCC_DYNAMIC_NO_PIC = NO;
				GCC_ENABLE_FIX_AND_CONTINUE = YES;
				GCC_MODEL_TUNING = G5;
				GCC_OPTIMIZATION_LEVEL = 0;
				INFOPLIST_FILE = Info.plist;
				INSTALL_PATH = "$(HOME)/Applications";
				PRODUCT_NAME = moulin;
				WRAPPER_EXTENSION = app;
				ZERO_LINK = YES;
			};
			name = Debug;
		};
		C05733C908A9546B00998B17 /* Release */ = {
			isa = XCBuildConfiguration;
			buildSettings = {
				ARCHS = (
					ppc,
					i386,
				);
				GCC_GENERATE_DEBUGGING_SYMBOLS = NO;
				GCC_MODEL_TUNING = G5;
				INFOPLIST_FILE = Info.plist;
				INSTALL_PATH = "$(HOME)/Applications";
				PRODUCT_NAME = moulin;
				WRAPPER_EXTENSION = app;
			};
			name = Release;
		};
		C05733CC08A9546B00998B17 /* Debug */ = {
			isa = XCBuildConfiguration;
			buildSettings = {
				GCC_WARN_ABOUT_RETURN_TYPE = YES;
				GCC_WARN_UNUSED_VARIABLE = YES;
				PREBINDING = NO;
				SDKROOT = /Developer/SDKs/MacOSX10.4u.sdk;
			};
			name = Debug;
		};
		C05733CD08A9546B00998B17 /* Release */ = {
			isa = XCBuildConfiguration;
			buildSettings = {
				GCC_WARN_ABOUT_RETURN_TYPE = YES;
				GCC_WARN_UNUSED_VARIABLE = YES;
				PREBINDING = NO;
				SDKROOT = /Developer/SDKs/MacOSX10.4u.sdk;
			};
			name = Release;
		};
/* End XCBuildConfiguration section */

/* Begin XCConfigurationList section */
		C05733C708A9546B00998B17 /* Build configuration list for PBXNativeTarget "moulin" */ = {
			isa = XCConfigurationList;
			buildConfigurations = (
				C05733C808A9546B00998B17 /* Debug */,
				C05733C908A9546B00998B17 /* Release */,
			);
			defaultConfigurationIsVisible = 0;
			defaultConfigurationName = Release;
		};
		C05733CB08A9546B00998B17 /* Build configuration list for PBXProject "moulin" */ = {
			isa = XCConfigurationList;
			buildConfigurations = (
				C05733CC08A9546B00998B17 /* Debug */,
				C05733CD08A9546B00998B17 /* Release */,
			);
			defaultConfigurationIsVisible = 0;
			defaultConfigurationName = Release;
		};
/* End XCConfigurationList section */
	};
	rootObject = 2A37F4A9FDCFA73011CA2CEA /* Project object */;
}
